
Microsoft Visual Studio Solution File, Format Version 12.00
# Visual Studio Version 17
VisualStudioVersion = 17.0.31903.59
MinimumVisualStudioVersion = 10.0.40219.1
Project("{FAE04EC0-301F-11D3-BF4B-00C04F79EFBC}") = "FirstProject", "FirstProject.csproj", "{E292D9A2-E3F7-4D24-802A-3939F31126DA}"
EndProject
Global
	GlobalSection(SolutionConfigurationPlatforms) = preSolution
		Debug|Any CPU = Debug|Any CPU
		Release|Any CPU = Release|Any CPU
	EndGlobalSection
	GlobalSection(SolutionProperties) = preSolution
		HideSolutionNode = FALSE
	EndGlobalSection
	GlobalSection(ProjectConfigurationPlatforms) = postSolution
		{E292D9A2-E3F7-4D24-802A-3939F31126DA}.Debug|Any CPU.ActiveCfg = Debug|Any CPU
		{E292D9A2-E3F7-4D24-802A-3939F31126DA}.Debug|Any CPU.Build.0 = Debug|Any CPU
		{E292D9A2-E3F7-4D24-802A-3939F31126DA}.Release|Any CPU.ActiveCfg = Release|Any CPU
		{E292D9A2-E3F7-4D24-802A-3939F31126DA}.Release|Any CPU.Build.0 = Release|Any CPU
	EndGlobalSection
EndGlobal
